# THIS IS AN AUTOGENERATED FILE. DO NOT EDIT THIS FILE DIRECTLY.
# yarn lockfile v1


"@babel/runtime@^7.11.2", "@babel/runtime@^7.12.5", "@babel/runtime@^7.5.5":
  version "7.24.0"
  resolved "https://registry.yarnpkg.com/@babel/runtime/-/runtime-7.24.0.tgz#584c450063ffda59697021430cb47101b085951e"
  integrity sha512-Chk32uHMg6TnQdvw2e9IlqPpFX/6NLuK0Ys2PqLb7/gL5uFn9mXvK715FGLlOLQrcO4qIkNHkvPGktzzXexsFw==
  dependencies:
    regenerator-runtime "^0.14.0"

"@esbuild/aix-ppc64@0.19.12":
  version "0.19.12"
  resolved "https://registry.yarnpkg.com/@esbuild/aix-ppc64/-/aix-ppc64-0.19.12.tgz#d1bc06aedb6936b3b6d313bf809a5a40387d2b7f"
  integrity sha512-bmoCYyWdEL3wDQIVbcyzRyeKLgk2WtWLTWz1ZIAZF/EGbNOwSA6ew3PftJ1PqMiOOGu0OyFMzG53L0zqIpPeNA==

"@esbuild/android-arm64@0.19.12":
  version "0.19.12"
  resolved "https://registry.yarnpkg.com/@esbuild/android-arm64/-/android-arm64-0.19.12.tgz#7ad65a36cfdb7e0d429c353e00f680d737c2aed4"
  integrity sha512-P0UVNGIienjZv3f5zq0DP3Nt2IE/3plFzuaS96vihvD0Hd6H/q4WXUGpCxD/E8YrSXfNyRPbpTq+T8ZQioSuPA==

"@esbuild/android-arm@0.19.12":
  version "0.19.12"
  resolved "https://registry.yarnpkg.com/@esbuild/android-arm/-/android-arm-0.19.12.tgz#b0c26536f37776162ca8bde25e42040c203f2824"
  integrity sha512-qg/Lj1mu3CdQlDEEiWrlC4eaPZ1KztwGJ9B6J+/6G+/4ewxJg7gqj8eVYWvao1bXrqGiW2rsBZFSX3q2lcW05w==

"@esbuild/android-x64@0.19.12":
  version "0.19.12"
  resolved "https://registry.yarnpkg.com/@esbuild/android-x64/-/android-x64-0.19.12.tgz#cb13e2211282012194d89bf3bfe7721273473b3d"
  integrity sha512-3k7ZoUW6Q6YqhdhIaq/WZ7HwBpnFBlW905Fa4s4qWJyiNOgT1dOqDiVAQFwBH7gBRZr17gLrlFCRzF6jFh7Kew==

"@esbuild/darwin-arm64@0.19.12":
  version "0.19.12"
  resolved "https://registry.yarnpkg.com/@esbuild/darwin-arm64/-/darwin-arm64-0.19.12.tgz#cbee41e988020d4b516e9d9e44dd29200996275e"
  integrity sha512-B6IeSgZgtEzGC42jsI+YYu9Z3HKRxp8ZT3cqhvliEHovq8HSX2YX8lNocDn79gCKJXOSaEot9MVYky7AKjCs8g==

"@esbuild/darwin-x64@0.19.12":
  version "0.19.12"
  resolved "https://registry.yarnpkg.com/@esbuild/darwin-x64/-/darwin-x64-0.19.12.tgz#e37d9633246d52aecf491ee916ece709f9d5f4cd"
  integrity sha512-hKoVkKzFiToTgn+41qGhsUJXFlIjxI/jSYeZf3ugemDYZldIXIxhvwN6erJGlX4t5h417iFuheZ7l+YVn05N3A==

"@esbuild/freebsd-arm64@0.19.12":
  version "0.19.12"
  resolved "https://registry.yarnpkg.com/@esbuild/freebsd-arm64/-/freebsd-arm64-0.19.12.tgz#1ee4d8b682ed363b08af74d1ea2b2b4dbba76487"
  integrity sha512-4aRvFIXmwAcDBw9AueDQ2YnGmz5L6obe5kmPT8Vd+/+x/JMVKCgdcRwH6APrbpNXsPz+K653Qg8HB/oXvXVukA==

"@esbuild/freebsd-x64@0.19.12":
  version "0.19.12"
  resolved "https://registry.yarnpkg.com/@esbuild/freebsd-x64/-/freebsd-x64-0.19.12.tgz#37a693553d42ff77cd7126764b535fb6cc28a11c"
  integrity sha512-EYoXZ4d8xtBoVN7CEwWY2IN4ho76xjYXqSXMNccFSx2lgqOG/1TBPW0yPx1bJZk94qu3tX0fycJeeQsKovA8gg==

"@esbuild/linux-arm64@0.19.12":
  version "0.19.12"
  resolved "https://registry.yarnpkg.com/@esbuild/linux-arm64/-/linux-arm64-0.19.12.tgz#be9b145985ec6c57470e0e051d887b09dddb2d4b"
  integrity sha512-EoTjyYyLuVPfdPLsGVVVC8a0p1BFFvtpQDB/YLEhaXyf/5bczaGeN15QkR+O4S5LeJ92Tqotve7i1jn35qwvdA==

"@esbuild/linux-arm@0.19.12":
  version "0.19.12"
  resolved "https://registry.yarnpkg.com/@esbuild/linux-arm/-/linux-arm-0.19.12.tgz#207ecd982a8db95f7b5279207d0ff2331acf5eef"
  integrity sha512-J5jPms//KhSNv+LO1S1TX1UWp1ucM6N6XuL6ITdKWElCu8wXP72l9MM0zDTzzeikVyqFE6U8YAV9/tFyj0ti+w==

"@esbuild/linux-ia32@0.19.12":
  version "0.19.12"
  resolved "https://registry.yarnpkg.com/@esbuild/linux-ia32/-/linux-ia32-0.19.12.tgz#d0d86b5ca1562523dc284a6723293a52d5860601"
  integrity sha512-Thsa42rrP1+UIGaWz47uydHSBOgTUnwBwNq59khgIwktK6x60Hivfbux9iNR0eHCHzOLjLMLfUMLCypBkZXMHA==

"@esbuild/linux-loong64@0.19.12":
  version "0.19.12"
  resolved "https://registry.yarnpkg.com/@esbuild/linux-loong64/-/linux-loong64-0.19.12.tgz#9a37f87fec4b8408e682b528391fa22afd952299"
  integrity sha512-LiXdXA0s3IqRRjm6rV6XaWATScKAXjI4R4LoDlvO7+yQqFdlr1Bax62sRwkVvRIrwXxvtYEHHI4dm50jAXkuAA==

"@esbuild/linux-mips64el@0.19.12":
  version "0.19.12"
  resolved "https://registry.yarnpkg.com/@esbuild/linux-mips64el/-/linux-mips64el-0.19.12.tgz#4ddebd4e6eeba20b509d8e74c8e30d8ace0b89ec"
  integrity sha512-fEnAuj5VGTanfJ07ff0gOA6IPsvrVHLVb6Lyd1g2/ed67oU1eFzL0r9WL7ZzscD+/N6i3dWumGE1Un4f7Amf+w==

"@esbuild/linux-ppc64@0.19.12":
  version "0.19.12"
  resolved "https://registry.yarnpkg.com/@esbuild/linux-ppc64/-/linux-ppc64-0.19.12.tgz#adb67dadb73656849f63cd522f5ecb351dd8dee8"
  integrity sha512-nYJA2/QPimDQOh1rKWedNOe3Gfc8PabU7HT3iXWtNUbRzXS9+vgB0Fjaqr//XNbd82mCxHzik2qotuI89cfixg==

"@esbuild/linux-riscv64@0.19.12":
  version "0.19.12"
  resolved "https://registry.yarnpkg.com/@esbuild/linux-riscv64/-/linux-riscv64-0.19.12.tgz#11bc0698bf0a2abf8727f1c7ace2112612c15adf"
  integrity sha512-2MueBrlPQCw5dVJJpQdUYgeqIzDQgw3QtiAHUC4RBz9FXPrskyyU3VI1hw7C0BSKB9OduwSJ79FTCqtGMWqJHg==

"@esbuild/linux-s390x@0.19.12":
  version "0.19.12"
  resolved "https://registry.yarnpkg.com/@esbuild/linux-s390x/-/linux-s390x-0.19.12.tgz#e86fb8ffba7c5c92ba91fc3b27ed5a70196c3cc8"
  integrity sha512-+Pil1Nv3Umes4m3AZKqA2anfhJiVmNCYkPchwFJNEJN5QxmTs1uzyy4TvmDrCRNT2ApwSari7ZIgrPeUx4UZDg==

"@esbuild/linux-x64@0.19.12":
  version "0.19.12"
  resolved "https://registry.yarnpkg.com/@esbuild/linux-x64/-/linux-x64-0.19.12.tgz#5f37cfdc705aea687dfe5dfbec086a05acfe9c78"
  integrity sha512-B71g1QpxfwBvNrfyJdVDexenDIt1CiDN1TIXLbhOw0KhJzE78KIFGX6OJ9MrtC0oOqMWf+0xop4qEU8JrJTwCg==

"@esbuild/netbsd-x64@0.19.12":
  version "0.19.12"
  resolved "https://registry.yarnpkg.com/@esbuild/netbsd-x64/-/netbsd-x64-0.19.12.tgz#29da566a75324e0d0dd7e47519ba2f7ef168657b"
  integrity sha512-3ltjQ7n1owJgFbuC61Oj++XhtzmymoCihNFgT84UAmJnxJfm4sYCiSLTXZtE00VWYpPMYc+ZQmB6xbSdVh0JWA==

"@esbuild/openbsd-x64@0.19.12":
  version "0.19.12"
  resolved "https://registry.yarnpkg.com/@esbuild/openbsd-x64/-/openbsd-x64-0.19.12.tgz#306c0acbdb5a99c95be98bdd1d47c916e7dc3ff0"
  integrity sha512-RbrfTB9SWsr0kWmb9srfF+L933uMDdu9BIzdA7os2t0TXhCRjrQyCeOt6wVxr79CKD4c+p+YhCj31HBkYcXebw==

"@esbuild/sunos-x64@0.19.12":
  version "0.19.12"
  resolved "https://registry.yarnpkg.com/@esbuild/sunos-x64/-/sunos-x64-0.19.12.tgz#0933eaab9af8b9b2c930236f62aae3fc593faf30"
  integrity sha512-HKjJwRrW8uWtCQnQOz9qcU3mUZhTUQvi56Q8DPTLLB+DawoiQdjsYq+j+D3s9I8VFtDr+F9CjgXKKC4ss89IeA==

"@esbuild/win32-arm64@0.19.12":
  version "0.19.12"
  resolved "https://registry.yarnpkg.com/@esbuild/win32-arm64/-/win32-arm64-0.19.12.tgz#773bdbaa1971b36db2f6560088639ccd1e6773ae"
  integrity sha512-URgtR1dJnmGvX864pn1B2YUYNzjmXkuJOIqG2HdU62MVS4EHpU2946OZoTMnRUHklGtJdJZ33QfzdjGACXhn1A==

"@esbuild/win32-ia32@0.19.12":
  version "0.19.12"
  resolved "https://registry.yarnpkg.com/@esbuild/win32-ia32/-/win32-ia32-0.19.12.tgz#000516cad06354cc84a73f0943a4aa690ef6fd67"
  integrity sha512-+ZOE6pUkMOJfmxmBZElNOx72NKpIa/HFOMGzu8fqzQJ5kgf6aTGrcJaFsNiVMH4JKpMipyK+7k0n2UXN7a8YKQ==

"@esbuild/win32-x64@0.19.12":
  version "0.19.12"
  resolved "https://registry.yarnpkg.com/@esbuild/win32-x64/-/win32-x64-0.19.12.tgz#c57c8afbb4054a3ab8317591a0b7320360b444ae"
  integrity sha512-T1QyPSDCyMXaO3pzBkF96E8xMkiRYbUEZADd29SyPGabqxMViNoii+NcK7eWJAEoU6RZyEm5lVSIjTmcdoB9HA==

"@rollup/rollup-android-arm-eabi@4.13.0":
  version "4.13.0"
  resolved "https://registry.yarnpkg.com/@rollup/rollup-android-arm-eabi/-/rollup-android-arm-eabi-4.13.0.tgz#b98786c1304b4ff8db3a873180b778649b5dff2b"
  integrity sha512-5ZYPOuaAqEH/W3gYsRkxQATBW3Ii1MfaT4EQstTnLKViLi2gLSQmlmtTpGucNP3sXEpOiI5tdGhjdE111ekyEg==

"@rollup/rollup-android-arm64@4.13.0":
  version "4.13.0"
  resolved "https://registry.yarnpkg.com/@rollup/rollup-android-arm64/-/rollup-android-arm64-4.13.0.tgz#8833679af11172b1bf1ab7cb3bad84df4caf0c9e"
  integrity sha512-BSbaCmn8ZadK3UAQdlauSvtaJjhlDEjS5hEVVIN3A4bbl3X+otyf/kOJV08bYiRxfejP3DXFzO2jz3G20107+Q==

"@rollup/rollup-darwin-arm64@4.13.0":
  version "4.13.0"
  resolved "https://registry.yarnpkg.com/@rollup/rollup-darwin-arm64/-/rollup-darwin-arm64-4.13.0.tgz#ef02d73e0a95d406e0eb4fd61a53d5d17775659b"
  integrity sha512-Ovf2evVaP6sW5Ut0GHyUSOqA6tVKfrTHddtmxGQc1CTQa1Cw3/KMCDEEICZBbyppcwnhMwcDce9ZRxdWRpVd6g==

"@rollup/rollup-darwin-x64@4.13.0":
  version "4.13.0"
  resolved "https://registry.yarnpkg.com/@rollup/rollup-darwin-x64/-/rollup-darwin-x64-4.13.0.tgz#3ce5b9bcf92b3341a5c1c58a3e6bcce0ea9e7455"
  integrity sha512-U+Jcxm89UTK592vZ2J9st9ajRv/hrwHdnvyuJpa5A2ngGSVHypigidkQJP+YiGL6JODiUeMzkqQzbCG3At81Gg==

"@rollup/rollup-linux-arm-gnueabihf@4.13.0":
  version "4.13.0"
  resolved "https://registry.yarnpkg.com/@rollup/rollup-linux-arm-gnueabihf/-/rollup-linux-arm-gnueabihf-4.13.0.tgz#3d3d2c018bdd8e037c6bfedd52acfff1c97e4be4"
  integrity sha512-8wZidaUJUTIR5T4vRS22VkSMOVooG0F4N+JSwQXWSRiC6yfEsFMLTYRFHvby5mFFuExHa/yAp9juSphQQJAijQ==

"@rollup/rollup-linux-arm64-gnu@4.13.0":
  version "4.13.0"
  resolved "https://registry.yarnpkg.com/@rollup/rollup-linux-arm64-gnu/-/rollup-linux-arm64-gnu-4.13.0.tgz#5fc8cc978ff396eaa136d7bfe05b5b9138064143"
  integrity sha512-Iu0Kno1vrD7zHQDxOmvweqLkAzjxEVqNhUIXBsZ8hu8Oak7/5VTPrxOEZXYC1nmrBVJp0ZcL2E7lSuuOVaE3+w==

"@rollup/rollup-linux-arm64-musl@4.13.0":
  version "4.13.0"
  resolved "https://registry.yarnpkg.com/@rollup/rollup-linux-arm64-musl/-/rollup-linux-arm64-musl-4.13.0.tgz#f2ae7d7bed416ffa26d6b948ac5772b520700eef"
  integrity sha512-C31QrW47llgVyrRjIwiOwsHFcaIwmkKi3PCroQY5aVq4H0A5v/vVVAtFsI1nfBngtoRpeREvZOkIhmRwUKkAdw==

"@rollup/rollup-linux-riscv64-gnu@4.13.0":
  version "4.13.0"
  resolved "https://registry.yarnpkg.com/@rollup/rollup-linux-riscv64-gnu/-/rollup-linux-riscv64-gnu-4.13.0.tgz#303d57a328ee9a50c85385936f31cf62306d30b6"
  integrity sha512-Oq90dtMHvthFOPMl7pt7KmxzX7E71AfyIhh+cPhLY9oko97Zf2C9tt/XJD4RgxhaGeAraAXDtqxvKE1y/j35lA==

"@rollup/rollup-linux-x64-gnu@4.13.0":
  version "4.13.0"
  resolved "https://registry.yarnpkg.com/@rollup/rollup-linux-x64-gnu/-/rollup-linux-x64-gnu-4.13.0.tgz#f672f6508f090fc73f08ba40ff76c20b57424778"
  integrity sha512-yUD/8wMffnTKuiIsl6xU+4IA8UNhQ/f1sAnQebmE/lyQ8abjsVyDkyRkWop0kdMhKMprpNIhPmYlCxgHrPoXoA==

"@rollup/rollup-linux-x64-musl@4.13.0":
  version "4.13.0"
  resolved "https://registry.yarnpkg.com/@rollup/rollup-linux-x64-musl/-/rollup-linux-x64-musl-4.13.0.tgz#d2f34b1b157f3e7f13925bca3288192a66755a89"
  integrity sha512-9RyNqoFNdF0vu/qqX63fKotBh43fJQeYC98hCaf89DYQpv+xu0D8QFSOS0biA7cGuqJFOc1bJ+m2rhhsKcw1hw==

"@rollup/rollup-win32-arm64-msvc@4.13.0":
  version "4.13.0"
  resolved "https://registry.yarnpkg.com/@rollup/rollup-win32-arm64-msvc/-/rollup-win32-arm64-msvc-4.13.0.tgz#8ffecc980ae4d9899eb2f9c4ae471a8d58d2da6b"
  integrity sha512-46ue8ymtm/5PUU6pCvjlic0z82qWkxv54GTJZgHrQUuZnVH+tvvSP0LsozIDsCBFO4VjJ13N68wqrKSeScUKdA==

"@rollup/rollup-win32-ia32-msvc@4.13.0":
  version "4.13.0"
  resolved "https://registry.yarnpkg.com/@rollup/rollup-win32-ia32-msvc/-/rollup-win32-ia32-msvc-4.13.0.tgz#a7505884f415662e088365b9218b2b03a88fc6f2"
  integrity sha512-P5/MqLdLSlqxbeuJ3YDeX37srC8mCflSyTrUsgbU1c/U9j6l2g2GiIdYaGD9QjdMQPMSgYm7hgg0551wHyIluw==

"@rollup/rollup-win32-x64-msvc@4.13.0":
  version "4.13.0"
  resolved "https://registry.yarnpkg.com/@rollup/rollup-win32-x64-msvc/-/rollup-win32-x64-msvc-4.13.0.tgz#6abd79db7ff8d01a58865ba20a63cfd23d9e2a10"
  integrity sha512-UKXUQNbO3DOhzLRwHSpa0HnhhCgNODvfoPWv2FCXme8N/ANFfhIPMGuOT+QuKd16+B5yxZ0HdpNlqPvTMS1qfw==

"@types/estree@1.0.5":
  version "1.0.5"
  resolved "https://registry.yarnpkg.com/@types/estree/-/estree-1.0.5.tgz#a6ce3e556e00fd9895dd872dd172ad0d4bd687f4"
  integrity sha512-/kYRxGDLWzHOB7q+wtSUQlFrtcdUccpfy+X+9iMBpHK8QLLhx2wIPYuS5DYtR9Wa/YlZAbIovy7qVdB1Aq6Lyw==

"@videojs/http-streaming@3.10.0":
  version "3.10.0"
  resolved "https://registry.yarnpkg.com/@videojs/http-streaming/-/http-streaming-3.10.0.tgz#b20eaf7246cc014f2715c967a9cdc4240b6e7e61"
  integrity sha512-Lf1rmhTalV4Gw0bJqHmH4lfk/FlepUDs9smuMtorblAYnqDlE2tbUOb7sBXVYoXGdbWbdTW8jH2cnS+6HWYJ4Q==
  dependencies:
    "@babel/runtime" "^7.12.5"
    "@videojs/vhs-utils" "4.0.0"
    aes-decrypter "4.0.1"
    global "^4.4.0"
    m3u8-parser "^7.1.0"
    mpd-parser "^1.3.0"
    mux.js "7.0.2"
    video.js "^7 || ^8"

"@videojs/http-streaming@3.12.0":
  version "3.12.0"
  resolved "https://registry.yarnpkg.com/@videojs/http-streaming/-/http-streaming-3.12.0.tgz#432d0a29c9bcd97c9afa001db9500fa6cc393949"
  integrity sha512-V9utRounzaty+bk0u1Uu4CtCqNrE8YN8GzITEAxwwLgMD+KYPSlcD+LJN/YKpMsMTbGLRPm/brTZiaaK+XQiyQ==
  dependencies:
    "@babel/runtime" "^7.12.5"
    "@videojs/vhs-utils" "4.0.0"
    aes-decrypter "4.0.1"
    global "^4.4.0"
    m3u8-parser "^7.1.0"
    mpd-parser "^1.3.0"
    mux.js "7.0.3"
    video.js "^7 || ^8"

"@videojs/vhs-utils@4.0.0", "@videojs/vhs-utils@^4.0.0":
  version "4.0.0"
  resolved "https://registry.yarnpkg.com/@videojs/vhs-utils/-/vhs-utils-4.0.0.tgz#4d4dbf5d61a9fbd2da114b84ec747c3a483bc60d"
  integrity sha512-xJp7Yd4jMLwje2vHCUmi8MOUU76nxiwII3z4Eg3Ucb+6rrkFVGosrXlMgGnaLjq724j3wzNElRZ71D/CKrTtxg==
  dependencies:
    "@babel/runtime" "^7.12.5"
    global "^4.4.0"
    url-toolkit "^2.2.1"

"@videojs/vhs-utils@^3.0.5":
  version "3.0.5"
  resolved "https://registry.yarnpkg.com/@videojs/vhs-utils/-/vhs-utils-3.0.5.tgz#665ba70d78258ba1ab977364e2fe9f4d4799c46c"
  integrity sha512-PKVgdo8/GReqdx512F+ombhS+Bzogiofy1LgAj4tN8PfdBx3HSS7V5WfJotKTqtOWGwVfSWsrYN/t09/DSryrw==
  dependencies:
    "@babel/runtime" "^7.12.5"
    global "^4.4.0"
    url-toolkit "^2.2.1"

"@videojs/xhr@2.6.0":
  version "2.6.0"
  resolved "https://registry.yarnpkg.com/@videojs/xhr/-/xhr-2.6.0.tgz#cd897e0ad54faf497961bcce3fa16dc15a26bb80"
  integrity sha512-7J361GiN1tXpm+gd0xz2QWr3xNWBE+rytvo8J3KuggFaLg+U37gZQ2BuPLcnkfGffy2e+ozY70RHC8jt7zjA6Q==
  dependencies:
    "@babel/runtime" "^7.5.5"
    global "~4.4.0"
    is-function "^1.0.1"

"@xmldom/xmldom@^0.8.3":
  version "0.8.10"
  resolved "https://registry.yarnpkg.com/@xmldom/xmldom/-/xmldom-0.8.10.tgz#a1337ca426aa61cef9fe15b5b28e340a72f6fa99"
  integrity sha512-2WALfTl4xo2SkGCYRt6rDTFfk9R1czmBvUQy12gK2KuRKIpWEhcbbzy8EZXtz/jkRqHX8bFEc6FC1HjX4TUWYw==

aes-decrypter@4.0.1, aes-decrypter@^4.0.1:
  version "4.0.1"
  resolved "https://registry.yarnpkg.com/aes-decrypter/-/aes-decrypter-4.0.1.tgz#c1a81d0bde0e96fed0674488d2a31a6d7ab9b7a7"
  integrity sha512-H1nh/P9VZXUf17AA5NQfJML88CFjVBDuGkp5zDHa7oEhYN9TTpNLJknRY1ie0iSKWlDf6JRnJKaZVDSQdPy6Cg==
  dependencies:
    "@babel/runtime" "^7.12.5"
    "@videojs/vhs-utils" "^3.0.5"
    global "^4.4.0"
    pkcs7 "^1.0.4"

dom-walk@^0.1.0:
  version "0.1.2"
  resolved "https://registry.yarnpkg.com/dom-walk/-/dom-walk-0.1.2.tgz#0c548bef048f4d1f2a97249002236060daa3fd84"
  integrity sha512-6QvTW9mrGeIegrFXdtQi9pk7O/nSK6lSdXW2eqUspN5LWD7UTji2Fqw5V2YLjBpHEoU9Xl/eUWNpDeZvoyOv2w==

esbuild@^0.19.3:
  version "0.19.12"
  resolved "https://registry.yarnpkg.com/esbuild/-/esbuild-0.19.12.tgz#dc82ee5dc79e82f5a5c3b4323a2a641827db3e04"
  integrity sha512-aARqgq8roFBj054KvQr5f1sFu0D65G+miZRCuJyJ0G13Zwx7vRar5Zhn2tkQNzIXcBrNVsv/8stehpj+GAjgbg==
  optionalDependencies:
    "@esbuild/aix-ppc64" "0.19.12"
    "@esbuild/android-arm" "0.19.12"
    "@esbuild/android-arm64" "0.19.12"
    "@esbuild/android-x64" "0.19.12"
    "@esbuild/darwin-arm64" "0.19.12"
    "@esbuild/darwin-x64" "0.19.12"
    "@esbuild/freebsd-arm64" "0.19.12"
    "@esbuild/freebsd-x64" "0.19.12"
    "@esbuild/linux-arm" "0.19.12"
    "@esbuild/linux-arm64" "0.19.12"
    "@esbuild/linux-ia32" "0.19.12"
    "@esbuild/linux-loong64" "0.19.12"
    "@esbuild/linux-mips64el" "0.19.12"
    "@esbuild/linux-ppc64" "0.19.12"
    "@esbuild/linux-riscv64" "0.19.12"
    "@esbuild/linux-s390x" "0.19.12"
    "@esbuild/linux-x64" "0.19.12"
    "@esbuild/netbsd-x64" "0.19.12"
    "@esbuild/openbsd-x64" "0.19.12"
    "@esbuild/sunos-x64" "0.19.12"
    "@esbuild/win32-arm64" "0.19.12"
    "@esbuild/win32-ia32" "0.19.12"
    "@esbuild/win32-x64" "0.19.12"

fsevents@~2.3.2, fsevents@~2.3.3:
  version "2.3.3"
  resolved "https://registry.yarnpkg.com/fsevents/-/fsevents-2.3.3.tgz#cac6407785d03675a2a5e1a5305c697b347d90d6"
  integrity sha512-5xoDfX+fL7faATnagmWPpbFtwh/R77WmMMqqHGS65C3vvB0YHrgF+B1YmZ3441tMj5n63k0212XNoJwzlhffQw==

global@4.4.0, global@^4.3.1, global@^4.3.2, global@^4.4.0, global@~4.4.0:
  version "4.4.0"
  resolved "https://registry.yarnpkg.com/global/-/global-4.4.0.tgz#3e7b105179006a323ed71aafca3e9c57a5cc6406"
  integrity sha512-wv/LAoHdRE3BeTGz53FAamhGlPLhlssK45usmGFThIi4XqnBmjKQ16u+RNbP7WvigRZDxUsM0J3gcQ5yicaL0w==
  dependencies:
    min-document "^2.19.0"
    process "^0.11.10"

individual@^2.0.0:
  version "2.0.0"
  resolved "https://registry.yarnpkg.com/individual/-/individual-2.0.0.tgz#833b097dad23294e76117a98fb38e0d9ad61bb97"
  integrity sha512-pWt8hBCqJsUWI/HtcfWod7+N9SgAqyPEaF7JQjwzjn5vGrpg6aQ5qeAFQ7dx//UH4J1O+7xqew+gCeeFt6xN/g==

is-function@^1.0.1:
  version "1.0.2"
  resolved "https://registry.yarnpkg.com/is-function/-/is-function-1.0.2.tgz#4f097f30abf6efadac9833b17ca5dc03f8144e08"
  integrity sha512-lw7DUp0aWXYg+CBCN+JKkcE0Q2RayZnSvnZBlwgxHBQhqt5pZNVy4Ri7H9GmmXkdu7LUthszM+Tor1u/2iBcpQ==

keycode@2.2.0:
  version "2.2.0"
  resolved "https://registry.yarnpkg.com/keycode/-/keycode-2.2.0.tgz#3d0af56dc7b8b8e5cba8d0a97f107204eec22b04"
  integrity sha512-ps3I9jAdNtRpJrbBvQjpzyFbss/skHqzS+eu4RxKLaEAtFqkjZaB6TZMSivPbLxf4K7VI4SjR0P5mRCX5+Q25A==

m3u8-parser@^7.1.0:
  version "7.1.0"
  resolved "https://registry.yarnpkg.com/m3u8-parser/-/m3u8-parser-7.1.0.tgz#fa92ee22fc798150397c297152c879fe09f066c6"
  integrity sha512-7N+pk79EH4oLKPEYdgRXgAsKDyA/VCo0qCHlUwacttQA0WqsjZQYmNfywMvjlY9MpEBVZEt0jKFd73Kv15EBYQ==
  dependencies:
    "@babel/runtime" "^7.12.5"
    "@videojs/vhs-utils" "^3.0.5"
    global "^4.4.0"

min-document@^2.19.0:
  version "2.19.0"
  resolved "https://registry.yarnpkg.com/min-document/-/min-document-2.19.0.tgz#7bd282e3f5842ed295bb748cdd9f1ffa2c824685"
  integrity sha512-9Wy1B3m3f66bPPmU5hdA4DR4PB2OfDU/+GS3yAB7IQozE3tqXaVv2zOjgla7MEGSRv95+ILmOuvhLkOK6wJtCQ==
  dependencies:
    dom-walk "^0.1.0"

mpd-parser@^1.2.2, mpd-parser@^1.3.0:
  version "1.3.0"
  resolved "https://registry.yarnpkg.com/mpd-parser/-/mpd-parser-1.3.0.tgz#38c20f4d73542b4ed554158bc1f0fa571dc61388"
  integrity sha512-WgeIwxAqkmb9uTn4ClicXpEQYCEduDqRKfmUdp4X8vmghKfBNXZLYpREn9eqrDx/Tf5LhzRcJLSpi4ohfV742Q==
  dependencies:
    "@babel/runtime" "^7.12.5"
    "@videojs/vhs-utils" "^4.0.0"
    "@xmldom/xmldom" "^0.8.3"
    global "^4.4.0"

mux.js@7.0.2:
  version "7.0.2"
  resolved "https://registry.yarnpkg.com/mux.js/-/mux.js-7.0.2.tgz#410641dc922c5d173d7ce45fbdb2bb9e2a69137c"
  integrity sha512-CM6+QuyDbc0qW1OfEjkd2+jVKzTXF+z5VOKH0eZxtZtnrG/ilkW/U7l7IXGtBNLASF9sKZMcK1u669cq50Qq0A==
  dependencies:
    "@babel/runtime" "^7.11.2"
    global "^4.4.0"

mux.js@7.0.3, mux.js@^7.0.1:
  version "7.0.3"
  resolved "https://registry.yarnpkg.com/mux.js/-/mux.js-7.0.3.tgz#18fbbc607faeeaa8c897e0410d2067be2bdc7e1e"
  integrity sha512-gzlzJVEGFYPtl2vvEiJneSWAWD4nfYRHD5XgxmB2gWvXraMPOYk+sxfvexmNfjQUFpmk6hwLR5C6iSFmuwCHdQ==
  dependencies:
    "@babel/runtime" "^7.11.2"
    global "^4.4.0"

nanoid@^3.3.7:
  version "3.3.7"
  resolved "https://registry.yarnpkg.com/nanoid/-/nanoid-3.3.7.tgz#d0c301a691bc8d54efa0a2226ccf3fe2fd656bd8"
  integrity sha512-eSRppjcPIatRIMC1U6UngP8XFcz8MQWGQdt1MTBQ7NaAmvXDfvNxbvWV3x2y6CdEUciCSsDHDQZbhYaB8QEo2g==

picocolors@^1.0.0:
  version "1.0.0"
  resolved "https://registry.yarnpkg.com/picocolors/-/picocolors-1.0.0.tgz#cb5bdc74ff3f51892236eaf79d68bc44564ab81c"
  integrity sha512-1fygroTLlHu66zi26VoTDv8yRgm0Fccecssto+MhsZ0D/DGW2sm8E8AjW7NU5VVTRt5GxbeZ5qBuJr+HyLYkjQ==

pkcs7@^1.0.4:
  version "1.0.4"
  resolved "https://registry.yarnpkg.com/pkcs7/-/pkcs7-1.0.4.tgz#6090b9e71160dabf69209d719cbafa538b00a1cb"
  integrity sha512-afRERtHn54AlwaF2/+LFszyAANTCggGilmcmILUzEjvs3XgFZT+xE6+QWQcAGmu4xajy+Xtj7acLOPdx5/eXWQ==
  dependencies:
    "@babel/runtime" "^7.5.5"

postcss@^8.4.35:
  version "8.4.35"
  resolved "https://registry.yarnpkg.com/postcss/-/postcss-8.4.35.tgz#60997775689ce09011edf083a549cea44aabe2f7"
  integrity sha512-u5U8qYpBCpN13BsiEB0CbR1Hhh4Gc0zLFuedrHJKMctHCHAGrMdG0PRM/KErzAL3CU6/eckEtmHNB3x6e3c0vA==
  dependencies:
    nanoid "^3.3.7"
    picocolors "^1.0.0"
    source-map-js "^1.0.2"

process@^0.11.10:
  version "0.11.10"
  resolved "https://registry.yarnpkg.com/process/-/process-0.11.10.tgz#7332300e840161bda3e69a1d1d91a7d4bc16f182"
  integrity sha512-cdGef/drWFoydD1JsMzuFf8100nZl+GT+yacc2bEced5f9Rjk4z+WtFUTBu9PhOi9j/jfmBPu0mMEY4wIdAF8A==

regenerator-runtime@^0.14.0:
  version "0.14.1"
  resolved "https://registry.yarnpkg.com/regenerator-runtime/-/regenerator-runtime-0.14.1.tgz#356ade10263f685dda125100cd862c1db895327f"
  integrity sha512-dYnhHh0nJoMfnkZs6GmmhFknAGRrLznOu5nc9ML+EJxGvrx6H7teuevqVqCuPcPK//3eDrrjQhehXVx9cnkGdw==

rollup@^4.2.0:
  version "4.13.0"
  resolved "https://registry.yarnpkg.com/rollup/-/rollup-4.13.0.tgz#dd2ae144b4cdc2ea25420477f68d4937a721237a"
  integrity sha512-3YegKemjoQnYKmsBlOHfMLVPPA5xLkQ8MHLLSw/fBrFaVkEayL51DilPpNNLq1exr98F2B1TzrV0FUlN3gWRPg==
  dependencies:
    "@types/estree" "1.0.5"
  optionalDependencies:
    "@rollup/rollup-android-arm-eabi" "4.13.0"
    "@rollup/rollup-android-arm64" "4.13.0"
    "@rollup/rollup-darwin-arm64" "4.13.0"
    "@rollup/rollup-darwin-x64" "4.13.0"
    "@rollup/rollup-linux-arm-gnueabihf" "4.13.0"
    "@rollup/rollup-linux-arm64-gnu" "4.13.0"
    "@rollup/rollup-linux-arm64-musl" "4.13.0"
    "@rollup/rollup-linux-riscv64-gnu" "4.13.0"
    "@rollup/rollup-linux-x64-gnu" "4.13.0"
    "@rollup/rollup-linux-x64-musl" "4.13.0"
    "@rollup/rollup-win32-arm64-msvc" "4.13.0"
    "@rollup/rollup-win32-ia32-msvc" "4.13.0"
    "@rollup/rollup-win32-x64-msvc" "4.13.0"
    fsevents "~2.3.2"

rust-result@^1.0.0:
  version "1.0.0"
  resolved "https://registry.yarnpkg.com/rust-result/-/rust-result-1.0.0.tgz#34c75b2e6dc39fe5875e5bdec85b5e0f91536f72"
  integrity sha512-6cJzSBU+J/RJCF063onnQf0cDUOHs9uZI1oroSGnHOph+CQTIJ5Pp2hK5kEQq1+7yE/EEWfulSNXAQ2jikPthA==
  dependencies:
    individual "^2.0.0"

safe-json-parse@4.0.0:
  version "4.0.0"
  resolved "https://registry.yarnpkg.com/safe-json-parse/-/safe-json-parse-4.0.0.tgz#7c0f578cfccd12d33a71c0e05413e2eca171eaac"
  integrity sha512-RjZPPHugjK0TOzFrLZ8inw44s9bKox99/0AZW9o/BEQVrJfhI+fIHMErnPyRa89/yRXUUr93q+tiN6zhoVV4wQ==
  dependencies:
    rust-result "^1.0.0"

source-map-js@^1.0.2:
  version "1.0.2"
  resolved "https://registry.yarnpkg.com/source-map-js/-/source-map-js-1.0.2.tgz#adbc361d9c62df380125e7f161f71c826f1e490c"
  integrity sha512-R0XvVJ9WusLiqTCEiGCmICCMplcCkIwwR11mOSD9CR5u+IXYdiseeEuXCVAjS54zqwkLcPNnmU4OeJ6tUrWhDw==

url-toolkit@^2.2.1:
  version "2.2.5"
  resolved "https://registry.yarnpkg.com/url-toolkit/-/url-toolkit-2.2.5.tgz#58406b18e12c58803e14624df5e374f638b0f607"
  integrity sha512-mtN6xk+Nac+oyJ/PrI7tzfmomRVNFIWKUbG8jdYFt52hxbiReFAXIjYskvu64/dvuW71IcB7lV8l0HvZMac6Jg==

"video.js@^6 || ^7 || ^8", "video.js@^7 || ^8":
  version "8.10.0"
  resolved "https://registry.yarnpkg.com/video.js/-/video.js-8.10.0.tgz#603a49909ef33f839264da8b73513f9daf592b57"
  integrity sha512-7UeG/flj/pp8tNGW8WKPP1VJb3x2FgLoqUWzpZqkoq5YIyf6MNzmIrKtxprl438T5RVkcj+OzV8IX4jYSAn4Sw==
  dependencies:
    "@babel/runtime" "^7.12.5"
    "@videojs/http-streaming" "3.10.0"
    "@videojs/vhs-utils" "^4.0.0"
    "@videojs/xhr" "2.6.0"
    aes-decrypter "^4.0.1"
    global "4.4.0"
    keycode "2.2.0"
    m3u8-parser "^7.1.0"
    mpd-parser "^1.2.2"
    mux.js "^7.0.1"
    safe-json-parse "4.0.0"
    videojs-contrib-quality-levels "4.0.0"
    videojs-font "4.1.0"
    videojs-vtt.js "0.15.5"

video.js@^8.11.8:
  version "8.11.8"
  resolved "https://registry.yarnpkg.com/video.js/-/video.js-8.11.8.tgz#930cc20bb4dcc7ba98b28f7711eafbc3601dd527"
  integrity sha512-N3TwZOqmzzgfejnwVtUDdHaDGHHBoGB48ab8A6dYxlo2y/UqH16uj/ZA3th7p1p2LPzWB1Jyk7ulRxt5poNbIw==
  dependencies:
    "@babel/runtime" "^7.12.5"
    "@videojs/http-streaming" "3.12.0"
    "@videojs/vhs-utils" "^4.0.0"
    "@videojs/xhr" "2.6.0"
    aes-decrypter "^4.0.1"
    global "4.4.0"
    keycode "2.2.0"
    m3u8-parser "^7.1.0"
    mpd-parser "^1.2.2"
    mux.js "^7.0.1"
    safe-json-parse "4.0.0"
    videojs-contrib-quality-levels "4.1.0"
    videojs-font "4.1.0"
    videojs-vtt.js "0.15.5"

videojs-contrib-eme@^3.11.2:
  version "3.11.2"
  resolved "https://registry.yarnpkg.com/videojs-contrib-eme/-/videojs-contrib-eme-3.11.2.tgz#e7acb2bc519fee7c8656b484b4971be359f226d3"
  integrity sha512-PqCXinfo8EqPD+2SNlW8gblLXH9LYAHFqZ0x9yaCPCEZrxh6U+Iln5LgsT3kvRmVjmxSF7a+pQ6P6pvoWgFSRA==
  dependencies:
    global "^4.3.2"
    video.js "^6 || ^7 || ^8"

videojs-contrib-quality-levels@4.0.0:
  version "4.0.0"
  resolved "https://registry.yarnpkg.com/videojs-contrib-quality-levels/-/videojs-contrib-quality-levels-4.0.0.tgz#faa8096594cdbfc3ccbefe8572fc20531ba23f3d"
  integrity sha512-u5rmd8BjLwANp7XwuQ0Q/me34bMe6zg9PQdHfTS7aXgiVRbNTb4djcmfG7aeSrkpZjg+XCLezFNenlJaCjBHKw==
  dependencies:
    global "^4.4.0"

videojs-contrib-quality-levels@4.1.0:
  version "4.1.0"
  resolved "https://registry.yarnpkg.com/videojs-contrib-quality-levels/-/videojs-contrib-quality-levels-4.1.0.tgz#44c2d2167114a5c8418548b10a25cb409d6cba51"
  integrity sha512-TfrXJJg1Bv4t6TOCMEVMwF/CoS8iENYsWNKip8zfhB5kTcegiFYezEA0eHAJPU64ZC8NQbxQgOwAsYU8VXbOWA==
  dependencies:
    global "^4.4.0"

videojs-font@4.1.0:
  version "4.1.0"
  resolved "https://registry.yarnpkg.com/videojs-font/-/videojs-font-4.1.0.tgz#3ae1dbaac60b4f0f1c4e6f7ff9662a89df176015"
  integrity sha512-X1LuPfLZPisPLrANIAKCknZbZu5obVM/ylfd1CN+SsCmPZQ3UMDPcvLTpPBJxcBuTpHQq2MO1QCFt7p8spnZ/w==

videojs-vtt.js@0.15.5:
  version "0.15.5"
  resolved "https://registry.yarnpkg.com/videojs-vtt.js/-/videojs-vtt.js-0.15.5.tgz#567776eaf2a7a928d88b148a8b401ade2406f2ca"
  integrity sha512-yZbBxvA7QMYn15Lr/ZfhhLPrNpI/RmCSCqgIff57GC2gIrV5YfyzLfLyZMj0NnZSAz8syB4N0nHXpZg9MyrMOQ==
  dependencies:
    global "^4.3.1"

vite@^5.1.6:
  version "5.1.6"
  resolved "https://registry.yarnpkg.com/vite/-/vite-5.1.6.tgz#706dae5fab9e97f57578469eef1405fc483943e4"
  integrity sha512-yYIAZs9nVfRJ/AiOLCA91zzhjsHUgMjB+EigzFb6W2XTLO8JixBCKCjvhKZaye+NKYHCrkv3Oh50dH9EdLU2RA==
  dependencies:
    esbuild "^0.19.3"
    postcss "^8.4.35"
    rollup "^4.2.0"
  optionalDependencies:
    fsevents "~2.3.3"
